# This file is machine-generated by `gh actions-lock`.
# Do not edit by hand; run `gh actions-lock` to update.
# Docs: https://gh.io/actions-lockfile
version: 'v0.0.2'
workflows:
    '.github/workflows/abi-contract.yml':
        - 'actions/checkout@3d3c42e5aac5ba805825da76410c181273ba90b1'
    '.github/workflows/actions-lock.yml':
        - 'actions/checkout@3d3c42e5aac5ba805825da76410c181273ba90b1'
        - 'actions/upload-artifact@043fb46d1a93c77aae656e7c1c64a875d1fc6a0a'
    '.github/workflows/boj-build.yml':
        - 'actions/checkout@3d3c42e5aac5ba805825da76410c181273ba90b1'
    '.github/workflows/casket-pages.yml':
        - 'actions/cache@55cc8345863c7cc4c66a329aec7e433d2d1c52a9'
        - 'actions/checkout@3d3c42e5aac5ba805825da76410c181273ba90b1'
        - 'actions/configure-pages@45bfe0192ca1faeb007ade9deae92b16b8254a0d'
        - 'actions/deploy-pages@368f82528645a54fb793d4d04e342629a3f51346'
        - 'actions/upload-pages-artifact@fc324d3547104276b827a68afc52ff2a11cc49c9'
    '.github/workflows/codeql.yml':
        - 'actions/checkout@3d3c42e5aac5ba805825da76410c181273ba90b1'
        - 'github/codeql-action@2892aa5e19bbd11bc0cff5427e3b750a04d9e3c2'
    '.github/workflows/cross-platform.yml':
        - 'actions/cache@55cc8345863c7cc4c66a329aec7e433d2d1c52a9'
        - 'actions/checkout@3d3c42e5aac5ba805825da76410c181273ba90b1'
    '.github/workflows/dogfood-gate.yml':
        - 'actions/checkout@3d3c42e5aac5ba805825da76410c181273ba90b1'
        - 'hyperpolymath/deed-ecosystem@3e69929a4b0b5610b477732ee125a156cbc8a040'
        - 'hyperpolymath/k9-ecosystem@20f6be5b5a14a48680b236955b5c4ad9033d00d4'
    '.github/workflows/governance.yml': []
    '.github/workflows/hypatia-scan.yml':
        - 'actions/checkout@3d3c42e5aac5ba805825da76410c181273ba90b1'
        - 'actions/github-script@3a2844b7e9c422d3c10d287c895573f7108da1b3'
        - 'actions/upload-artifact@043fb46d1a93c77aae656e7c1c64a875d1fc6a0a'
        - 'erlef/setup-beam@54075bcc5e249e4758d363f27d099f55d843f124'
        - 'github/codeql-action@2892aa5e19bbd11bc0cff5427e3b750a04d9e3c2'
    '.github/workflows/instant-sync.yml': []
    '.github/workflows/label-triage.yml': []
    '.github/workflows/labels.yml': []
    '.github/workflows/mirror.yml': []
    '.github/workflows/push-email-notify.yml':
        - 'hyperpolymath/smtp-notify-action@22e7bdb322c430c1d0dac6b3bb307f4bb139d0be'
    '.github/workflows/release.yml':
        - 'actions/attest-build-provenance@4d101475d8b20a2381f78447822ac1eab6504dd8'
        - 'actions/checkout@3d3c42e5aac5ba805825da76410c181273ba90b1'
        - 'actions/download-artifact@3e5f45b2cfb9172054b4087a40e8e0b5a5461e7c'
        - 'actions/upload-artifact@043fb46d1a93c77aae656e7c1c64a875d1fc6a0a'
    '.github/workflows/rhodibot.yml':
        - 'actions/checkout@3d3c42e5aac5ba805825da76410c181273ba90b1'
    '.github/workflows/scorecard.yml': []
    '.github/workflows/secret-scanner.yml': []
    '.github/workflows/static-analysis-gate.yml':
        - 'actions/checkout@3d3c42e5aac5ba805825da76410c181273ba90b1'
        - 'actions/download-artifact@3e5f45b2cfb9172054b4087a40e8e0b5a5461e7c'
        - 'actions/upload-artifact@043fb46d1a93c77aae656e7c1c64a875d1fc6a0a'
        - 'erlef/setup-beam@54075bcc5e249e4758d363f27d099f55d843f124'
dependencies:
    'actions/attest-build-provenance@4d101475d8b20a2381f78447822ac1eab6504dd8':
        ref: 'v4.2.2'
        commit: 'sha1-4d101475d8b20a2381f78447822ac1eab6504dd8'
        owner_id: 44036562
        repo_id: 760702757
        uses:
            - 'actions/attest@508db95dd578ae2727ebd6217d5ba78e4fbda05d'
    'actions/attest@508db95dd578ae2727ebd6217d5ba78e4fbda05d':
        ref: 'v4.2.1'
        commit: 'sha1-508db95dd578ae2727ebd6217d5ba78e4fbda05d'
        owner_id: 44036562
        repo_id: 760701061
    'actions/cache@55cc8345863c7cc4c66a329aec7e433d2d1c52a9':
        ref: 'v6.1.0'
        commit: 'sha1-55cc8345863c7cc4c66a329aec7e433d2d1c52a9'
        owner_id: 44036562
        repo_id: 215566462
    'actions/checkout@3d3c42e5aac5ba805825da76410c181273ba90b1':
        ref: 'v7.0.1'
        commit: 'sha1-3d3c42e5aac5ba805825da76410c181273ba90b1'
        owner_id: 44036562
        repo_id: 197814629
    'actions/configure-pages@45bfe0192ca1faeb007ade9deae92b16b8254a0d':
        ref: 'v6.0.0'
        commit: 'sha1-45bfe0192ca1faeb007ade9deae92b16b8254a0d'
        owner_id: 44036562
        repo_id: 513659658
    'actions/deploy-pages@368f82528645a54fb793d4d04e342629a3f51346':
        ref: 'v5.0.1'
        commit: 'sha1-368f82528645a54fb793d4d04e342629a3f51346'
        owner_id: 44036562
        repo_id: 438112499
    'actions/download-artifact@3e5f45b2cfb9172054b4087a40e8e0b5a5461e7c':
        ref: 'v8.0.1'
        commit: 'sha1-3e5f45b2cfb9172054b4087a40e8e0b5a5461e7c'
        owner_id: 44036562
        repo_id: 192626254
    'actions/github-script@3a2844b7e9c422d3c10d287c895573f7108da1b3':
        ref: 'v9.0.0'
        commit: 'sha1-3a2844b7e9c422d3c10d287c895573f7108da1b3'
        owner_id: 44036562
        repo_id: 205262760
    'actions/upload-artifact@043fb46d1a93c77aae656e7c1c64a875d1fc6a0a':
        ref: 'v7.0.1'
        commit: 'sha1-043fb46d1a93c77aae656e7c1c64a875d1fc6a0a'
        owner_id: 44036562
        repo_id: 192625955
    'actions/upload-artifact@bbbca2ddaa5d8feaa63e36b76fdaad77386f024f':
        ref: 'v7.0.0'
        commit: 'sha1-bbbca2ddaa5d8feaa63e36b76fdaad77386f024f'
        owner_id: 44036562
        repo_id: 192625955
    'actions/upload-pages-artifact@fc324d3547104276b827a68afc52ff2a11cc49c9':
        ref: 'v5.0.0'
        commit: 'sha1-fc324d3547104276b827a68afc52ff2a11cc49c9'
        owner_id: 44036562
        repo_id: 496012378
        uses:
            - 'actions/upload-artifact@bbbca2ddaa5d8feaa63e36b76fdaad77386f024f'
    'erlef/setup-beam@54075bcc5e249e4758d363f27d099f55d843f124':
        ref: 'v1.24.1'
        commit: 'sha1-54075bcc5e249e4758d363f27d099f55d843f124'
        owner_id: 47606891
        repo_id: 331103973
    'github/codeql-action@2892aa5e19bbd11bc0cff5427e3b750a04d9e3c2':
        ref: 'v4.38.2'
        commit: 'sha1-2892aa5e19bbd11bc0cff5427e3b750a04d9e3c2'
        owner_id: 9919
        repo_id: 259445878
    'hyperpolymath/deed-ecosystem@3e69929a4b0b5610b477732ee125a156cbc8a040':
        ref: 'main'
        commit: 'sha1-3e69929a4b0b5610b477732ee125a156cbc8a040'
        owner_id: 6759885
        repo_id: 1275649586
    'hyperpolymath/k9-ecosystem@20f6be5b5a14a48680b236955b5c4ad9033d00d4':
        ref: 'main'
        commit: 'sha1-20f6be5b5a14a48680b236955b5c4ad9033d00d4'
        owner_id: 6759885
        repo_id: 1275650185
    'hyperpolymath/smtp-notify-action@22e7bdb322c430c1d0dac6b3bb307f4bb139d0be':
        ref: 'v0.3.0'
        commit: 'sha1-22e7bdb322c430c1d0dac6b3bb307f4bb139d0be'
        owner_id: 6759885
        repo_id: 1352485172
